PODS:
  - ChromaColorPicker (1.7.2)

DEPENDENCIES:
  - ChromaColorPicker (from `https://github.com/valerianb/ChromaColorPicker`, branch `master`)

EXTERNAL SOURCES:
  ChromaColorPicker:
    :branch: master
    :git: https://github.com/valerianb/ChromaColorPicker

CHECKOUT OPTIONS:
  ChromaColorPicker:
    :commit: cd6d36c8570fed45eac85b31684dace016f6fbc2
    :git: https://github.com/valerianb/ChromaColorPicker

SPEC CHECKSUMS:
  ChromaColorPicker: 080448e593d3e34a8cfadf360c4c04e639738c02

PODFILE CHECKSUM: cd0e0059b8bc08d54c8ccfcf3cbdc404f6a55bda

COCOAPODS: 1.6.1
