// !$*UTF8*$!
{
	archiveVersion = 1;
	classes = {
	};
	objectVersion = 50;
	objects = {

/* Begin PBXBuildFile section */
		376146B4270E13E0003B6A5C /* ChromaControlStylable.swift in Sources */ = {isa = PBXBuildFile; fileRef = 376146A5270E13E0003B6A5C /* ChromaControlStylable.swift */; };
		376146B5270E13E0003B6A5C /* ChromaBrightnessSlider.swift in Sources */ = {isa = PBXBuildFile; fileRef = 376146A6270E13E0003B6A5C /* ChromaBrightnessSlider.swift */; };
		376146B6270E13E0003B6A5C /* UIView+Utils.swift in Sources */ = {isa = PBXBuildFile; fileRef = 376146A8270E13E0003B6A5C /* UIView+Utils.swift */; };
		376146B7270E13E0003B6A5C /* UIColor+Utils.swift in Sources */ = {isa = PBXBuildFile; fileRef = 376146A9270E13E0003B6A5C /* UIColor+Utils.swift */; };
		376146B8270E13E0003B6A5C /* UIColor+Brightness.swift in Sources */ = {isa = PBXBuildFile; fileRef = 376146AA270E13E0003B6A5C /* UIColor+Brightness.swift */; };
		376146B9270E13E0003B6A5C /* UIView+DropShadow.swift in Sources */ = {isa = PBXBuildFile; fileRef = 376146AB270E13E0003B6A5C /* UIView+DropShadow.swift */; };
		376146BA270E13E0003B6A5C /* ChromaColorPicker.swift in Sources */ = {isa = PBXBuildFile; fileRef = 376146AD270E13E0003B6A5C /* ChromaColorPicker.swift */; };
		376146BB270E13E0003B6A5C /* ColorWheelView.swift in Sources */ = {isa = PBXBuildFile; fileRef = 376146AE270E13E0003B6A5C /* ColorWheelView.swift */; };
		376146BD270E13E0003B6A5C /* SliderTrackView.swift in Sources */ = {isa = PBXBuildFile; fileRef = 376146B1270E13E0003B6A5C /* SliderTrackView.swift */; };
		376146BE270E13E0003B6A5C /* ChromaColorHandle.swift in Sources */ = {isa = PBXBuildFile; fileRef = 376146B2270E13E0003B6A5C /* ChromaColorHandle.swift */; };
		376146BF270E13E0003B6A5C /* SliderHandleView.swift in Sources */ = {isa = PBXBuildFile; fileRef = 376146B3270E13E0003B6A5C /* SliderHandleView.swift */; };
		A02ED6DB2283015C0027856B /* ToolboxController.swift in Sources */ = {isa = PBXBuildFile; fileRef = A02ED6DA2283015C0027856B /* ToolboxController.swift */; };
		A02ED6DE228306320027856B /* ProcessorVC.swift in Sources */ = {isa = PBXBuildFile; fileRef = A02ED6DC228306320027856B /* ProcessorVC.swift */; };
		A02ED6DF228306320027856B /* ProcessorVC.xib in Resources */ = {isa = PBXBuildFile; fileRef = A02ED6DD228306320027856B /* ProcessorVC.xib */; };
		A02ED6E222831BE10027856B /* ChaoticProcessorVC.swift in Sources */ = {isa = PBXBuildFile; fileRef = A02ED6E022831BE10027856B /* ChaoticProcessorVC.swift */; };
		A02ED6E322831BE10027856B /* ChaoticProcessorVC.xib in Resources */ = {isa = PBXBuildFile; fileRef = A02ED6E122831BE10027856B /* ChaoticProcessorVC.xib */; };
		A038F3D22276F0E4001B6F74 /* AppDelegate.swift in Sources */ = {isa = PBXBuildFile; fileRef = A038F3D12276F0E4001B6F74 /* AppDelegate.swift */; };
		A038F3D42276F0E4001B6F74 /* DrawController.swift in Sources */ = {isa = PBXBuildFile; fileRef = A038F3D32276F0E4001B6F74 /* DrawController.swift */; };
		A038F3D72276F0E4001B6F74 /* Main.storyboard in Resources */ = {isa = PBXBuildFile; fileRef = A038F3D52276F0E4001B6F74 /* Main.storyboard */; };
		A038F3D92276F0E6001B6F74 /* Assets.xcassets in Resources */ = {isa = PBXBuildFile; fileRef = A038F3D82276F0E6001B6F74 /* Assets.xcassets */; };
		A038F3DC2276F0E6001B6F74 /* LaunchScreen.storyboard in Resources */ = {isa = PBXBuildFile; fileRef = A038F3DA2276F0E6001B6F74 /* LaunchScreen.storyboard */; };
		A07D43C9227868D10099415F /* NSLayoutConstraint_ext.swift in Sources */ = {isa = PBXBuildFile; fileRef = A07D43C8227868D10099415F /* NSLayoutConstraint_ext.swift */; };
		A07D43CB227876E30099415F /* BrushVC.swift in Sources */ = {isa = PBXBuildFile; fileRef = A07D43CA227876E30099415F /* BrushVC.swift */; };
		A0BAF16222808C5C009C1E89 /* PhlogistonUITests.swift in Sources */ = {isa = PBXBuildFile; fileRef = A0BAF16122808C5C009C1E89 /* PhlogistonUITests.swift */; };
		A0DE56612281867F008ECDCF /* SnapshotHelper.swift in Sources */ = {isa = PBXBuildFile; fileRef = A0DE56602281867F008ECDCF /* SnapshotHelper.swift */; };
		A0DE56672281A470008ECDCF /* DrawProcessor.swift in Sources */ = {isa = PBXBuildFile; fileRef = A0DE56662281A470008ECDCF /* DrawProcessor.swift */; };
		A0DE56692281A484008ECDCF /* CoreProcessor.swift in Sources */ = {isa = PBXBuildFile; fileRef = A0DE56682281A484008ECDCF /* CoreProcessor.swift */; };
		A0DE566C2281A55D008ECDCF /* ZoomController.swift in Sources */ = {isa = PBXBuildFile; fileRef = A0DE566B2281A55D008ECDCF /* ZoomController.swift */; };
		A0DE566E2281A5D2008ECDCF /* Brush.swift in Sources */ = {isa = PBXBuildFile; fileRef = A0DE566D2281A5D2008ECDCF /* Brush.swift */; };
		A0DE56702281A639008ECDCF /* BrushVC.xib in Resources */ = {isa = PBXBuildFile; fileRef = A0DE566F2281A639008ECDCF /* BrushVC.xib */; };
		A0DE56722281D203008ECDCF /* ChaoticProcessor.swift in Sources */ = {isa = PBXBuildFile; fileRef = A0DE56712281D203008ECDCF /* ChaoticProcessor.swift */; };
		A0DE56742281D21B008ECDCF /* CGPoint_ext.swift in Sources */ = {isa = PBXBuildFile; fileRef = A0DE56732281D21B008ECDCF /* CGPoint_ext.swift */; };
/* End PBXBuildFile section */

/* Begin PBXContainerItemProxy section */
		A0BAF16422808C5C009C1E89 /* PBXContainerItemProxy */ = {
			isa = PBXContainerItemProxy;
			containerPortal = A038F3C62276F0E4001B6F74 /* Project object */;
			proxyType = 1;
			remoteGlobalIDString = A038F3CD2276F0E4001B6F74;
			remoteInfo = Phlogiston;
		};
/* End PBXContainerItemProxy section */

/* Begin PBXFileReference section */
		376146A5270E13E0003B6A5C /* ChromaControlStylable.swift */ = {isa = PBXFileReference; fileEncoding = 4; lastKnownFileType = sourcecode.swift; path = ChromaControlStylable.swift; sourceTree = "<group>"; };
		376146A6270E13E0003B6A5C /* ChromaBrightnessSlider.swift */ = {isa = PBXFileReference; fileEncoding = 4; lastKnownFileType = sourcecode.swift; path = ChromaBrightnessSlider.swift; sourceTree = "<group>"; };
		376146A8270E13E0003B6A5C /* UIView+Utils.swift */ = {isa = PBXFileReference; fileEncoding = 4; lastKnownFileType = sourcecode.swift; path = "UIView+Utils.swift"; sourceTree = "<group>"; };
		376146A9270E13E0003B6A5C /* UIColor+Utils.swift */ = {isa = PBXFileReference; fileEncoding = 4; lastKnownFileType = sourcecode.swift; path = "UIColor+Utils.swift"; sourceTree = "<group>"; };
		376146AA270E13E0003B6A5C /* UIColor+Brightness.swift */ = {isa = PBXFileReference; fileEncoding = 4; lastKnownFileType = sourcecode.swift; path = "UIColor+Brightness.swift"; sourceTree = "<group>"; };
		376146AB270E13E0003B6A5C /* UIView+DropShadow.swift */ = {isa = PBXFileReference; fileEncoding = 4; lastKnownFileType = sourcecode.swift; path = "UIView+DropShadow.swift"; sourceTree = "<group>"; };
		376146AC270E13E0003B6A5C /* ChromaColorPicker.h */ = {isa = PBXFileReference; fileEncoding = 4; lastKnownFileType = sourcecode.c.h; path = ChromaColorPicker.h; sourceTree = "<group>"; };
		376146AD270E13E0003B6A5C /* ChromaColorPicker.swift */ = {isa = PBXFileReference; fileEncoding = 4; lastKnownFileType = sourcecode.swift; path = ChromaColorPicker.swift; sourceTree = "<group>"; };
		376146AE270E13E0003B6A5C /* ColorWheelView.swift */ = {isa = PBXFileReference; fileEncoding = 4; lastKnownFileType = sourcecode.swift; path = ColorWheelView.swift; sourceTree = "<group>"; };
		376146AF270E13E0003B6A5C /* Info.plist */ = {isa = PBXFileReference; fileEncoding = 4; lastKnownFileType = text.plist.xml; path = Info.plist; sourceTree = "<group>"; };
		376146B1270E13E0003B6A5C /* SliderTrackView.swift */ = {isa = PBXFileReference; fileEncoding = 4; lastKnownFileType = sourcecode.swift; path = SliderTrackView.swift; sourceTree = "<group>"; };
		376146B2270E13E0003B6A5C /* ChromaColorHandle.swift */ = {isa = PBXFileReference; fileEncoding = 4; lastKnownFileType = sourcecode.swift; path = ChromaColorHandle.swift; sourceTree = "<group>"; };
		376146B3270E13E0003B6A5C /* SliderHandleView.swift */ = {isa = PBXFileReference; fileEncoding = 4; lastKnownFileType = sourcecode.swift; path = SliderHandleView.swift; sourceTree = "<group>"; };
		A02ED6DA2283015C0027856B /* ToolboxController.swift */ = {isa = PBXFileReference; lastKnownFileType = sourcecode.swift; path = ToolboxController.swift; sourceTree = "<group>"; };
		A02ED6DC228306320027856B /* ProcessorVC.swift */ = {isa = PBXFileReference; lastKnownFileType = sourcecode.swift; path = ProcessorVC.swift; sourceTree = "<group>"; };
		A02ED6DD228306320027856B /* ProcessorVC.xib */ = {isa = PBXFileReference; lastKnownFileType = file.xib; path = ProcessorVC.xib; sourceTree = "<group>"; };
		A02ED6E022831BE10027856B /* ChaoticProcessorVC.swift */ = {isa = PBXFileReference; lastKnownFileType = sourcecode.swift; path = ChaoticProcessorVC.swift; sourceTree = "<group>"; };
		A02ED6E122831BE10027856B /* ChaoticProcessorVC.xib */ = {isa = PBXFileReference; lastKnownFileType = file.xib; path = ChaoticProcessorVC.xib; sourceTree = "<group>"; };
		A038F3CE2276F0E4001B6F74 /* Phlogiston.app */ = {isa = PBXFileReference; explicitFileType = wrapper.application; includeInIndex = 0; path = Phlogiston.app; sourceTree = BUILT_PRODUCTS_DIR; };
		A038F3D12276F0E4001B6F74 /* AppDelegate.swift */ = {isa = PBXFileReference; lastKnownFileType = sourcecode.swift; path = AppDelegate.swift; sourceTree = "<group>"; };
		A038F3D32276F0E4001B6F74 /* DrawController.swift */ = {isa = PBXFileReference; lastKnownFileType = sourcecode.swift; path = DrawController.swift; sourceTree = "<group>"; };
		A038F3D62276F0E4001B6F74 /* Base */ = {isa = PBXFileReference; lastKnownFileType = file.storyboard; name = Base; path = Base.lproj/Main.storyboard; sourceTree = "<group>"; };
		A038F3D82276F0E6001B6F74 /* Assets.xcassets */ = {isa = PBXFileReference; lastKnownFileType = folder.assetcatalog; path = Assets.xcassets; sourceTree = "<group>"; };
		A038F3DB2276F0E6001B6F74 /* Base */ = {isa = PBXFileReference; lastKnownFileType = file.storyboard; name = Base; path = Base.lproj/LaunchScreen.storyboard; sourceTree = "<group>"; };
		A038F3DD2276F0E6001B6F74 /* Info.plist */ = {isa = PBXFileReference; lastKnownFileType = text.plist.xml; path = Info.plist; sourceTree = "<group>"; };
		A07D43C8227868D10099415F /* NSLayoutConstraint_ext.swift */ = {isa = PBXFileReference; lastKnownFileType = sourcecode.swift; path = NSLayoutConstraint_ext.swift; sourceTree = "<group>"; };
		A07D43CA227876E30099415F /* BrushVC.swift */ = {isa = PBXFileReference; lastKnownFileType = sourcecode.swift; path = BrushVC.swift; sourceTree = "<group>"; };
		A0BAF15F22808C5C009C1E89 /* PhlogistonUITests.xctest */ = {isa = PBXFileReference; explicitFileType = wrapper.cfbundle; includeInIndex = 0; path = PhlogistonUITests.xctest; sourceTree = BUILT_PRODUCTS_DIR; };
		A0BAF16122808C5C009C1E89 /* PhlogistonUITests.swift */ = {isa = PBXFileReference; lastKnownFileType = sourcecode.swift; path = PhlogistonUITests.swift; sourceTree = "<group>"; };
		A0BAF16322808C5C009C1E89 /* Info.plist */ = {isa = PBXFileReference; lastKnownFileType = text.plist.xml; path = Info.plist; sourceTree = "<group>"; };
		A0DE56602281867F008ECDCF /* SnapshotHelper.swift */ = {isa = PBXFileReference; fileEncoding = 4; lastKnownFileType = sourcecode.swift; path = SnapshotHelper.swift; sourceTree = "<group>"; };
		A0DE5663228186A6008ECDCF /* Snapfile */ = {isa = PBXFileReference; lastKnownFileType = text; path = Snapfile; sourceTree = "<group>"; };
		A0DE5664228186B6008ECDCF /* build-bumper.sh */ = {isa = PBXFileReference; lastKnownFileType = text.script.sh; path = "build-bumper.sh"; sourceTree = "<group>"; };
		A0DE56662281A470008ECDCF /* DrawProcessor.swift */ = {isa = PBXFileReference; lastKnownFileType = sourcecode.swift; path = DrawProcessor.swift; sourceTree = "<group>"; };
		A0DE56682281A484008ECDCF /* CoreProcessor.swift */ = {isa = PBXFileReference; lastKnownFileType = sourcecode.swift; path = CoreProcessor.swift; sourceTree = "<group>"; };
		A0DE566B2281A55D008ECDCF /* ZoomController.swift */ = {isa = PBXFileReference; lastKnownFileType = sourcecode.swift; path = ZoomController.swift; sourceTree = "<group>"; };
		A0DE566D2281A5D2008ECDCF /* Brush.swift */ = {isa = PBXFileReference; lastKnownFileType = sourcecode.swift; path = Brush.swift; sourceTree = "<group>"; };
		A0DE566F2281A639008ECDCF /* BrushVC.xib */ = {isa = PBXFileReference; lastKnownFileType = file.xib; path = BrushVC.xib; sourceTree = "<group>"; };
		A0DE56712281D203008ECDCF /* ChaoticProcessor.swift */ = {isa = PBXFileReference; lastKnownFileType = sourcecode.swift; path = ChaoticProcessor.swift; sourceTree = "<group>"; };
		A0DE56732281D21B008ECDCF /* CGPoint_ext.swift */ = {isa = PBXFileReference; lastKnownFileType = sourcecode.swift; path = CGPoint_ext.swift; sourceTree = "<group>"; };
/* End PBXFileReference section */

/* Begin PBXFrameworksBuildPhase section */
		A038F3CB2276F0E4001B6F74 /* Frameworks */ = {
			isa = PBXFrameworksBuildPhase;
			buildActionMask = 2147483647;
			files = (
			);
			runOnlyForDeploymentPostprocessing = 0;
		};
		A0BAF15C22808C5C009C1E89 /* Frameworks */ = {
			isa = PBXFrameworksBuildPhase;
			buildActionMask = 2147483647;
			files = (
			);
			runOnlyForDeploymentPostprocessing = 0;
		};
/* End PBXFrameworksBuildPhase section */

/* Begin PBXGroup section */
		376146A3270E13CE003B6A5C /* Libs */ = {
			isa = PBXGroup;
			children = (
				376146A4270E13E0003B6A5C /* ChromaColorPicker */,
			);
			path = Libs;
			sourceTree = "<group>";
		};
		376146A4270E13E0003B6A5C /* ChromaColorPicker */ = {
			isa = PBXGroup;
			children = (
				376146A5270E13E0003B6A5C /* ChromaControlStylable.swift */,
				376146A6270E13E0003B6A5C /* ChromaBrightnessSlider.swift */,
				376146A7270E13E0003B6A5C /* Extensions */,
				376146AC270E13E0003B6A5C /* ChromaColorPicker.h */,
				376146AD270E13E0003B6A5C /* ChromaColorPicker.swift */,
				376146AE270E13E0003B6A5C /* ColorWheelView.swift */,
				376146AF270E13E0003B6A5C /* Info.plist */,
				376146B0270E13E0003B6A5C /* Supporting Views */,
			);
			path = ChromaColorPicker;
			sourceTree = "<group>";
		};
		376146A7270E13E0003B6A5C /* Extensions */ = {
			isa = PBXGroup;
			children = (
				376146A8270E13E0003B6A5C /* UIView+Utils.swift */,
				376146A9270E13E0003B6A5C /* UIColor+Utils.swift */,
				376146AA270E13E0003B6A5C /* UIColor+Brightness.swift */,
				376146AB270E13E0003B6A5C /* UIView+DropShadow.swift */,
			);
			path = Extensions;
			sourceTree = "<group>";
		};
		376146B0270E13E0003B6A5C /* Supporting Views */ = {
			isa = PBXGroup;
			children = (
				376146B1270E13E0003B6A5C /* SliderTrackView.swift */,
				376146B2270E13E0003B6A5C /* ChromaColorHandle.swift */,
				376146B3270E13E0003B6A5C /* SliderHandleView.swift */,
			);
			path = "Supporting Views";
			sourceTree = "<group>";
		};
		A038F3C52276F0E4001B6F74 = {
			isa = PBXGroup;
			children = (
				376146A3270E13CE003B6A5C /* Libs */,
				A0DE566222818696008ECDCF /* Tools */,
				A038F3D02276F0E4001B6F74 /* Phlogiston */,
				A0BAF16022808C5C009C1E89 /* PhlogistonUITests */,
				A038F3CF2276F0E4001B6F74 /* Products */,
			);
			sourceTree = "<group>";
		};
		A038F3CF2276F0E4001B6F74 /* Products */ = {
			isa = PBXGroup;
			children = (
				A038F3CE2276F0E4001B6F74 /* Phlogiston.app */,
				A0BAF15F22808C5C009C1E89 /* PhlogistonUITests.xctest */,
			);
			name = Products;
			sourceTree = "<group>";
		};
		A038F3D02276F0E4001B6F74 /* Phlogiston */ = {
			isa = PBXGroup;
			children = (
				A0DE566A2281A553008ECDCF /* Domain */,
				A0DE56652281A43F008ECDCF /* DrawProcessors */,
				A07D43CC227877990099415F /* ViewControllers */,
				A038F3D12276F0E4001B6F74 /* AppDelegate.swift */,
				A038F3D52276F0E4001B6F74 /* Main.storyboard */,
				A038F3D82276F0E6001B6F74 /* Assets.xcassets */,
				A038F3DA2276F0E6001B6F74 /* LaunchScreen.storyboard */,
				A038F3DD2276F0E6001B6F74 /* Info.plist */,
			);
			path = Phlogiston;
			sourceTree = "<group>";
		};
		A07D43CC227877990099415F /* ViewControllers */ = {
			isa = PBXGroup;
			children = (
				A07D43CA227876E30099415F /* BrushVC.swift */,
				A0DE566F2281A639008ECDCF /* BrushVC.xib */,
				A02ED6DC228306320027856B /* ProcessorVC.swift */,
				A02ED6DD228306320027856B /* ProcessorVC.xib */,
				A02ED6DA2283015C0027856B /* ToolboxController.swift */,
				A038F3D32276F0E4001B6F74 /* DrawController.swift */,
			);
			path = ViewControllers;
			sourceTree = "<group>";
		};
		A0BAF16022808C5C009C1E89 /* PhlogistonUITests */ = {
			isa = PBXGroup;
			children = (
				A0DE56602281867F008ECDCF /* SnapshotHelper.swift */,
				A0BAF16122808C5C009C1E89 /* PhlogistonUITests.swift */,
				A0BAF16322808C5C009C1E89 /* Info.plist */,
			);
			path = PhlogistonUITests;
			sourceTree = "<group>";
		};
		A0DE566222818696008ECDCF /* Tools */ = {
			isa = PBXGroup;
			children = (
				A0DE5664228186B6008ECDCF /* build-bumper.sh */,
				A0DE5663228186A6008ECDCF /* Snapfile */,
			);
			name = Tools;
			sourceTree = "<group>";
		};
		A0DE56652281A43F008ECDCF /* DrawProcessors */ = {
			isa = PBXGroup;
			children = (
				A0DE56662281A470008ECDCF /* DrawProcessor.swift */,
				A0DE56682281A484008ECDCF /* CoreProcessor.swift */,
				A0DE56712281D203008ECDCF /* ChaoticProcessor.swift */,
				A02ED6E022831BE10027856B /* ChaoticProcessorVC.swift */,
				A02ED6E122831BE10027856B /* ChaoticProcessorVC.xib */,
			);
			path = DrawProcessors;
			sourceTree = "<group>";
		};
		A0DE566A2281A553008ECDCF /* Domain */ = {
			isa = PBXGroup;
			children = (
				A0DE566B2281A55D008ECDCF /* ZoomController.swift */,
				A0DE566D2281A5D2008ECDCF /* Brush.swift */,
				A0DE56732281D21B008ECDCF /* CGPoint_ext.swift */,
				A07D43C8227868D10099415F /* NSLayoutConstraint_ext.swift */,
			);
			path = Domain;
			sourceTree = "<group>";
		};
/* End PBXGroup section */

/* Begin PBXNativeTarget section */
		A038F3CD2276F0E4001B6F74 /* Phlogiston */ = {
			isa = PBXNativeTarget;
			buildConfigurationList = A038F3E02276F0E6001B6F74 /* Build configuration list for PBXNativeTarget "Phlogiston" */;
			buildPhases = (
				A07D43CD22789AC20099415F /* build-bumper */,
				A038F3CA2276F0E4001B6F74 /* Sources */,
				A038F3CB2276F0E4001B6F74 /* Frameworks */,
				A038F3CC2276F0E4001B6F74 /* Resources */,
			);
			buildRules = (
			);
			dependencies = (
			);
			name = Phlogiston;
			productName = Phlogiston;
			productReference = A038F3CE2276F0E4001B6F74 /* Phlogiston.app */;
			productType = "com.apple.product-type.application";
		};
		A0BAF15E22808C5C009C1E89 /* PhlogistonUITests */ = {
			isa = PBXNativeTarget;
			buildConfigurationList = A0BAF16622808C5C009C1E89 /* Build configuration list for PBXNativeTarget "PhlogistonUITests" */;
			buildPhases = (
				A0BAF15B22808C5C009C1E89 /* Sources */,
				A0BAF15C22808C5C009C1E89 /* Frameworks */,
				A0BAF15D22808C5C009C1E89 /* Resources */,
			);
			buildRules = (
			);
			dependencies = (
				A0BAF16522808C5C009C1E89 /* PBXTargetDependency */,
			);
			name = PhlogistonUITests;
			productName = PhlogistonUITests;
			productReference = A0BAF15F22808C5C009C1E89 /* PhlogistonUITests.xctest */;
			productType = "com.apple.product-type.bundle.ui-testing";
		};
/* End PBXNativeTarget section */

/* Begin PBXProject section */
		A038F3C62276F0E4001B6F74 /* Project object */ = {
			isa = PBXProject;
			attributes = {
				LastSwiftUpdateCheck = 1020;
				LastUpgradeCheck = 1250;
				ORGANIZATIONNAME = "Syrup Media Group";
				TargetAttributes = {
					A038F3CD2276F0E4001B6F74 = {
						CreatedOnToolsVersion = 10.2.1;
					};
					A0BAF15E22808C5C009C1E89 = {
						CreatedOnToolsVersion = 10.2.1;
						TestTargetID = A038F3CD2276F0E4001B6F74;
					};
				};
			};
			buildConfigurationList = A038F3C92276F0E4001B6F74 /* Build configuration list for PBXProject "Phlogiston" */;
			compatibilityVersion = "Xcode 9.3";
			developmentRegion = en;
			hasScannedForEncodings = 0;
			knownRegions = (
				en,
				Base,
			);
			mainGroup = A038F3C52276F0E4001B6F74;
			productRefGroup = A038F3CF2276F0E4001B6F74 /* Products */;
			projectDirPath = "";
			projectRoot = "";
			targets = (
				A038F3CD2276F0E4001B6F74 /* Phlogiston */,
				A0BAF15E22808C5C009C1E89 /* PhlogistonUITests */,
			);
		};
/* End PBXProject section */

/* Begin PBXResourcesBuildPhase section */
		A038F3CC2276F0E4001B6F74 /* Resources */ = {
			isa = PBXResourcesBuildPhase;
			buildActionMask = 2147483647;
			files = (
				A02ED6DF228306320027856B /* ProcessorVC.xib in Resources */,
				A038F3DC2276F0E6001B6F74 /* LaunchScreen.storyboard in Resources */,
				A0DE56702281A639008ECDCF /* BrushVC.xib in Resources */,
				A02ED6E322831BE10027856B /* ChaoticProcessorVC.xib in Resources */,
				A038F3D92276F0E6001B6F74 /* Assets.xcassets in Resources */,
				A038F3D72276F0E4001B6F74 /* Main.storyboard in Resources */,
			);
			runOnlyForDeploymentPostprocessing = 0;
		};
		A0BAF15D22808C5C009C1E89 /* Resources */ = {
			isa = PBXResourcesBuildPhase;
			buildActionMask = 2147483647;
			files = (
			);
			runOnlyForDeploymentPostprocessing = 0;
		};
/* End PBXResourcesBuildPhase section */

/* Begin PBXShellScriptBuildPhase section */
		A07D43CD22789AC20099415F /* build-bumper */ = {
			isa = PBXShellScriptBuildPhase;
			buildActionMask = 2147483647;
			files = (
			);
			inputFileListPaths = (
			);
			inputPaths = (
			);
			name = "build-bumper";
			outputFileListPaths = (
			);
			outputPaths = (
			);
			runOnlyForDeploymentPostprocessing = 0;
			shellPath = /bin/sh;
			shellScript = "# Type a script or drag a script file from your workspace to insert its path.\n${SRCROOT}/build-bumper.sh\n";
		};
/* End PBXShellScriptBuildPhase section */

/* Begin PBXSourcesBuildPhase section */
		A038F3CA2276F0E4001B6F74 /* Sources */ = {
			isa = PBXSourcesBuildPhase;
			buildActionMask = 2147483647;
			files = (
				376146B7270E13E0003B6A5C /* UIColor+Utils.swift in Sources */,
				376146B5270E13E0003B6A5C /* ChromaBrightnessSlider.swift in Sources */,
				A07D43C9227868D10099415F /* NSLayoutConstraint_ext.swift in Sources */,
				376146BF270E13E0003B6A5C /* SliderHandleView.swift in Sources */,
				376146BB270E13E0003B6A5C /* ColorWheelView.swift in Sources */,
				376146B6270E13E0003B6A5C /* UIView+Utils.swift in Sources */,
				A02ED6DE228306320027856B /* ProcessorVC.swift in Sources */,
				A0DE566C2281A55D008ECDCF /* ZoomController.swift in Sources */,
				376146B4270E13E0003B6A5C /* ChromaControlStylable.swift in Sources */,
				A02ED6DB2283015C0027856B /* ToolboxController.swift in Sources */,
				A0DE56692281A484008ECDCF /* CoreProcessor.swift in Sources */,
				376146B9270E13E0003B6A5C /* UIView+DropShadow.swift in Sources */,
				A07D43CB227876E30099415F /* BrushVC.swift in Sources */,
				A0DE56672281A470008ECDCF /* DrawProcessor.swift in Sources */,
				A038F3D42276F0E4001B6F74 /* DrawController.swift in Sources */,
				376146B8270E13E0003B6A5C /* UIColor+Brightness.swift in Sources */,
				A0DE566E2281A5D2008ECDCF /* Brush.swift in Sources */,
				A0DE56722281D203008ECDCF /* ChaoticProcessor.swift in Sources */,
				A02ED6E222831BE10027856B /* ChaoticProcessorVC.swift in Sources */,
				376146BE270E13E0003B6A5C /* ChromaColorHandle.swift in Sources */,
				376146BA270E13E0003B6A5C /* ChromaColorPicker.swift in Sources */,
				A0DE56742281D21B008ECDCF /* CGPoint_ext.swift in Sources */,
				A038F3D22276F0E4001B6F74 /* AppDelegate.swift in Sources */,
				376146BD270E13E0003B6A5C /* SliderTrackView.swift in Sources */,
			);
			runOnlyForDeploymentPostprocessing = 0;
		};
		A0BAF15B22808C5C009C1E89 /* Sources */ = {
			isa = PBXSourcesBuildPhase;
			buildActionMask = 2147483647;
			files = (
				A0BAF16222808C5C009C1E89 /* PhlogistonUITests.swift in Sources */,
				A0DE56612281867F008ECDCF /* SnapshotHelper.swift in Sources */,
			);
			runOnlyForDeploymentPostprocessing = 0;
		};
/* End PBXSourcesBuildPhase section */

/* Begin PBXTargetDependency section */
		A0BAF16522808C5C009C1E89 /* PBXTargetDependency */ = {
			isa = PBXTargetDependency;
			target = A038F3CD2276F0E4001B6F74 /* Phlogiston */;
			targetProxy = A0BAF16422808C5C009C1E89 /* PBXContainerItemProxy */;
		};
/* End PBXTargetDependency section */

/* Begin PBXVariantGroup section */
		A038F3D52276F0E4001B6F74 /* Main.storyboard */ = {
			isa = PBXVariantGroup;
			children = (
				A038F3D62276F0E4001B6F74 /* Base */,
			);
			name = Main.storyboard;
			sourceTree = "<group>";
		};
		A038F3DA2276F0E6001B6F74 /* LaunchScreen.storyboard */ = {
			isa = PBXVariantGroup;
			children = (
				A038F3DB2276F0E6001B6F74 /* Base */,
			);
			name = LaunchScreen.storyboard;
			sourceTree = "<group>";
		};
/* End PBXVariantGroup section */

/* Begin XCBuildConfiguration section */
		A038F3DE2276F0E6001B6F74 /* Debug */ = {
			isa = XCBuildConfiguration;
			buildSettings = {
				ALWAYS_SEARCH_USER_PATHS = NO;
				CLANG_ANALYZER_NONNULL = YES;
				CLANG_ANALYZER_NUMBER_OBJECT_CONVERSION = YES_AGGRESSIVE;
				CLANG_CXX_LANGUAGE_STANDARD = "gnu++14";
				CLANG_CXX_LIBRARY = "libc++";
				CLANG_ENABLE_MODULES = YES;
				CLANG_ENABLE_OBJC_ARC = YES;
				CLANG_ENABLE_OBJC_WEAK = YES;
				CLANG_WARN_BLOCK_CAPTURE_AUTORELEASING = YES;
				CLANG_WARN_BOOL_CONVERSION = YES;
				CLANG_WARN_COMMA = YES;
				CLANG_WARN_CONSTANT_CONVERSION = YES;
				CLANG_WARN_DEPRECATED_OBJC_IMPLEMENTATIONS = YES;
				CLANG_WARN_DIRECT_OBJC_ISA_USAGE = YES_ERROR;
				CLANG_WARN_DOCUMENTATION_COMMENTS = YES;
				CLANG_WARN_EMPTY_BODY = YES;
				CLANG_WARN_ENUM_CONVERSION = YES;
				CLANG_WARN_INFINITE_RECURSION = YES;
				CLANG_WARN_INT_CONVERSION = YES;
				CLANG_WARN_NON_LITERAL_NULL_CONVERSION = YES;
				CLANG_WARN_OBJC_IMPLICIT_RETAIN_SELF = YES;
				CLANG_WARN_OBJC_LITERAL_CONVERSION = YES;
				CLANG_WARN_OBJC_ROOT_CLASS = YES_ERROR;
				CLANG_WARN_QUOTED_INCLUDE_IN_FRAMEWORK_HEADER = YES;
				CLANG_WARN_RANGE_LOOP_ANALYSIS = YES;
				CLANG_WARN_STRICT_PROTOTYPES = YES;
				CLANG_WARN_SUSPICIOUS_MOVE = YES;
				CLANG_WARN_UNGUARDED_AVAILABILITY = YES_AGGRESSIVE;
				CLANG_WARN_UNREACHABLE_CODE = YES;
				CLANG_WARN__DUPLICATE_METHOD_MATCH = YES;
				CODE_SIGN_IDENTITY = "iPhone Developer";
				COPY_PHASE_STRIP = NO;
				DEBUG_INFORMATION_FORMAT = dwarf;
				ENABLE_STRICT_OBJC_MSGSEND = YES;
				ENABLE_TESTABILITY = YES;
				GCC_C_LANGUAGE_STANDARD = gnu11;
				GCC_DYNAMIC_NO_PIC = NO;
				GCC_NO_COMMON_BLOCKS = YES;
				GCC_OPTIMIZATION_LEVEL = 0;
				GCC_PREPROCESSOR_DEFINITIONS = (
					"DEBUG=1",
					"$(inherited)",
				);
				GCC_WARN_64_TO_32_BIT_CONVERSION = YES;
				GCC_WARN_ABOUT_RETURN_TYPE = YES_ERROR;
				GCC_WARN_UNDECLARED_SELECTOR = YES;
				GCC_WARN_UNINITIALIZED_AUTOS = YES_AGGRESSIVE;
				GCC_WARN_UNUSED_FUNCTION = YES;
				GCC_WARN_UNUSED_VARIABLE = YES;
				IPHONEOS_DEPLOYMENT_TARGET = 12.2;
				MTL_ENABLE_DEBUG_INFO = INCLUDE_SOURCE;
				MTL_FAST_MATH = YES;
				ONLY_ACTIVE_ARCH = YES;
				SDKROOT = iphoneos;
				SWIFT_ACTIVE_COMPILATION_CONDITIONS = DEBUG;
				SWIFT_OPTIMIZATION_LEVEL = "-Onone";
				SWIFT_VERSION = 5.0;
				TARGETED_DEVICE_FAMILY = "1,2";
			};
			name = Debug;
		};
		A038F3DF2276F0E6001B6F74 /* Release */ = {
			isa = XCBuildConfiguration;
			buildSettings = {
				ALWAYS_SEARCH_USER_PATHS = NO;
				CLANG_ANALYZER_NONNULL = YES;
				CLANG_ANALYZER_NUMBER_OBJECT_CONVERSION = YES_AGGRESSIVE;
				CLANG_CXX_LANGUAGE_STANDARD = "gnu++14";
				CLANG_CXX_LIBRARY = "libc++";
				CLANG_ENABLE_MODULES = YES;
				CLANG_ENABLE_OBJC_ARC = YES;
				CLANG_ENABLE_OBJC_WEAK = YES;
				CLANG_WARN_BLOCK_CAPTURE_AUTORELEASING = YES;
				CLANG_WARN_BOOL_CONVERSION = YES;
				CLANG_WARN_COMMA = YES;
				CLANG_WARN_CONSTANT_CONVERSION = YES;
				CLANG_WARN_DEPRECATED_OBJC_IMPLEMENTATIONS = YES;
				CLANG_WARN_DIRECT_OBJC_ISA_USAGE = YES_ERROR;
				CLANG_WARN_DOCUMENTATION_COMMENTS = YES;
				CLANG_WARN_EMPTY_BODY = YES;
				CLANG_WARN_ENUM_CONVERSION = YES;
				CLANG_WARN_INFINITE_RECURSION = YES;
				CLANG_WARN_INT_CONVERSION = YES;
				CLANG_WARN_NON_LITERAL_NULL_CONVERSION = YES;
				CLANG_WARN_OBJC_IMPLICIT_RETAIN_SELF = YES;
				CLANG_WARN_OBJC_LITERAL_CONVERSION = YES;
				CLANG_WARN_OBJC_ROOT_CLASS = YES_ERROR;
				CLANG_WARN_QUOTED_INCLUDE_IN_FRAMEWORK_HEADER = YES;
				CLANG_WARN_RANGE_LOOP_ANALYSIS = YES;
				CLANG_WARN_STRICT_PROTOTYPES = YES;
				CLANG_WARN_SUSPICIOUS_MOVE = YES;
				CLANG_WARN_UNGUARDED_AVAILABILITY = YES_AGGRESSIVE;
				CLANG_WARN_UNREACHABLE_CODE = YES;
				CLANG_WARN__DUPLICATE_METHOD_MATCH = YES;
				CODE_SIGN_IDENTITY = "iPhone Developer";
				COPY_PHASE_STRIP = NO;
				DEBUG_INFORMATION_FORMAT = "dwarf-with-dsym";
				ENABLE_NS_ASSERTIONS = NO;
				ENABLE_STRICT_OBJC_MSGSEND = YES;
				GCC_C_LANGUAGE_STANDARD = gnu11;
				GCC_NO_COMMON_BLOCKS = YES;
				GCC_WARN_64_TO_32_BIT_CONVERSION = YES;
				GCC_WARN_ABOUT_RETURN_TYPE = YES_ERROR;
				GCC_WARN_UNDECLARED_SELECTOR = YES;
				GCC_WARN_UNINITIALIZED_AUTOS = YES_AGGRESSIVE;
				GCC_WARN_UNUSED_FUNCTION = YES;
				GCC_WARN_UNUSED_VARIABLE = YES;
				IPHONEOS_DEPLOYMENT_TARGET = 12.2;
				MTL_ENABLE_DEBUG_INFO = NO;
				MTL_FAST_MATH = YES;
				SDKROOT = iphoneos;
				SWIFT_COMPILATION_MODE = wholemodule;
				SWIFT_OPTIMIZATION_LEVEL = "-O";
				SWIFT_VERSION = 5.0;
				TARGETED_DEVICE_FAMILY = "1,2";
				VALIDATE_PRODUCT = YES;
			};
			name = Release;
		};
		A038F3E12276F0E6001B6F74 /* Debug */ = {
			isa = XCBuildConfiguration;
			buildSettings = {
				ASSETCATALOG_COMPILER_APPICON_NAME = AppIcon;
				CODE_SIGN_STYLE = Automatic;
				CURRENT_PROJECT_VERSION = 11;
				DEVELOPMENT_TEAM = 548GRBZ3D6;
				INFOPLIST_FILE = Phlogiston/Info.plist;
				LD_RUNPATH_SEARCH_PATHS = (
					"$(inherited)",
					"@executable_path/Frameworks",
				);
				MARKETING_VERSION = 1.1.0;
				PRODUCT_BUNDLE_IDENTIFIER = ru.syrupmg.Phlogiston;
				PRODUCT_NAME = "$(TARGET_NAME)";
			};
			name = Debug;
		};
		A038F3E22276F0E6001B6F74 /* Release */ = {
			isa = XCBuildConfiguration;
			buildSettings = {
				ASSETCATALOG_COMPILER_APPICON_NAME = AppIcon;
				CODE_SIGN_STYLE = Automatic;
				CURRENT_PROJECT_VERSION = 11;
				DEVELOPMENT_TEAM = 548GRBZ3D6;
				INFOPLIST_FILE = Phlogiston/Info.plist;
				LD_RUNPATH_SEARCH_PATHS = (
					"$(inherited)",
					"@executable_path/Frameworks",
				);
				MARKETING_VERSION = 1.1.0;
				PRODUCT_BUNDLE_IDENTIFIER = ru.syrupmg.Phlogiston;
				PRODUCT_NAME = "$(TARGET_NAME)";
			};
			name = Release;
		};
		A0BAF16722808C5C009C1E89 /* Debug */ = {
			isa = XCBuildConfiguration;
			buildSettings = {
				CODE_SIGN_STYLE = Automatic;
				DEVELOPMENT_TEAM = 548GRBZ3D6;
				INFOPLIST_FILE = PhlogistonUITests/Info.plist;
				LD_RUNPATH_SEARCH_PATHS = (
					"$(inherited)",
					"@executable_path/Frameworks",
					"@loader_path/Frameworks",
				);
				PRODUCT_BUNDLE_IDENTIFIER = ru.syrupmg.PhlogistonUITests;
				PRODUCT_NAME = "$(TARGET_NAME)";
				SWIFT_VERSION = 5.0;
				TARGETED_DEVICE_FAMILY = "1,2";
				TEST_TARGET_NAME = Phlogiston;
			};
			name = Debug;
		};
		A0BAF16822808C5C009C1E89 /* Release */ = {
			isa = XCBuildConfiguration;
			buildSettings = {
				CODE_SIGN_STYLE = Automatic;
				DEVELOPMENT_TEAM = 548GRBZ3D6;
				INFOPLIST_FILE = PhlogistonUITests/Info.plist;
				LD_RUNPATH_SEARCH_PATHS = (
					"$(inherited)",
					"@executable_path/Frameworks",
					"@loader_path/Frameworks",
				);
				PRODUCT_BUNDLE_IDENTIFIER = ru.syrupmg.PhlogistonUITests;
				PRODUCT_NAME = "$(TARGET_NAME)";
				SWIFT_VERSION = 5.0;
				TARGETED_DEVICE_FAMILY = "1,2";
				TEST_TARGET_NAME = Phlogiston;
			};
			name = Release;
		};
/* End XCBuildConfiguration section */

/* Begin XCConfigurationList section */
		A038F3C92276F0E4001B6F74 /* Build configuration list for PBXProject "Phlogiston" */ = {
			isa = XCConfigurationList;
			buildConfigurations = (
				A038F3DE2276F0E6001B6F74 /* Debug */,
				A038F3DF2276F0E6001B6F74 /* Release */,
			);
			defaultConfigurationIsVisible = 0;
			defaultConfigurationName = Release;
		};
		A038F3E02276F0E6001B6F74 /* Build configuration list for PBXNativeTarget "Phlogiston" */ = {
			isa = XCConfigurationList;
			buildConfigurations = (
				A038F3E12276F0E6001B6F74 /* Debug */,
				A038F3E22276F0E6001B6F74 /* Release */,
			);
			defaultConfigurationIsVisible = 0;
			defaultConfigurationName = Release;
		};
		A0BAF16622808C5C009C1E89 /* Build configuration list for PBXNativeTarget "PhlogistonUITests" */ = {
			isa = XCConfigurationList;
			buildConfigurations = (
				A0BAF16722808C5C009C1E89 /* Debug */,
				A0BAF16822808C5C009C1E89 /* Release */,
			);
			defaultConfigurationIsVisible = 0;
			defaultConfigurationName = Release;
		};
/* End XCConfigurationList section */
	};
	rootObject = A038F3C62276F0E4001B6F74 /* Project object */;
}
