// !$*UTF8*$!
{
	archiveVersion = 1;
	classes = {
	};
	objectVersion = 50;
	objects = {

/* Begin PBXBuildFile section */
		6D2947030B236C5FFCB4095A /* Pods_Phlogiston.framework in Frameworks */ = {isa = PBXBuildFile; fileRef = 84076FD1EA236338E27ACA46 /* Pods_Phlogiston.framework */; };
		A038F3D22276F0E4001B6F74 /* AppDelegate.swift in Sources */ = {isa = PBXBuildFile; fileRef = A038F3D12276F0E4001B6F74 /* AppDelegate.swift */; };
		A038F3D42276F0E4001B6F74 /* DrawController.swift in Sources */ = {isa = PBXBuildFile; fileRef = A038F3D32276F0E4001B6F74 /* DrawController.swift */; };
		A038F3D72276F0E4001B6F74 /* Main.storyboard in Resources */ = {isa = PBXBuildFile; fileRef = A038F3D52276F0E4001B6F74 /* Main.storyboard */; };
		A038F3D92276F0E6001B6F74 /* Assets.xcassets in Resources */ = {isa = PBXBuildFile; fileRef = A038F3D82276F0E6001B6F74 /* Assets.xcassets */; };
		A038F3DC2276F0E6001B6F74 /* LaunchScreen.storyboard in Resources */ = {isa = PBXBuildFile; fileRef = A038F3DA2276F0E6001B6F74 /* LaunchScreen.storyboard */; };
		A07D43C9227868D10099415F /* NSLayoutConstraint_ext.swift in Sources */ = {isa = PBXBuildFile; fileRef = A07D43C8227868D10099415F /* NSLayoutConstraint_ext.swift */; };
		A07D43CB227876E30099415F /* ToolController.swift in Sources */ = {isa = PBXBuildFile; fileRef = A07D43CA227876E30099415F /* ToolController.swift */; };
		A0BAF16222808C5C009C1E89 /* PhlogistonUITests.swift in Sources */ = {isa = PBXBuildFile; fileRef = A0BAF16122808C5C009C1E89 /* PhlogistonUITests.swift */; };
		A0BAF16A22808C77009C1E89 /* SnapshotHelper.swift in Sources */ = {isa = PBXBuildFile; fileRef = A0BAF16922808C77009C1E89 /* SnapshotHelper.swift */; };
/* End PBXBuildFile section */

/* Begin PBXContainerItemProxy section */
		A0BAF16422808C5C009C1E89 /* PBXContainerItemProxy */ = {
			isa = PBXContainerItemProxy;
			containerPortal = A038F3C62276F0E4001B6F74 /* Project object */;
			proxyType = 1;
			remoteGlobalIDString = A038F3CD2276F0E4001B6F74;
			remoteInfo = Phlogiston;
		};
/* End PBXContainerItemProxy section */

/* Begin PBXFileReference section */
		84076FD1EA236338E27ACA46 /* Pods_Phlogiston.framework */ = {isa = PBXFileReference; explicitFileType = wrapper.framework; includeInIndex = 0; path = Pods_Phlogiston.framework; sourceTree = BUILT_PRODUCTS_DIR; };
		A038F3CE2276F0E4001B6F74 /* Phlogiston.app */ = {isa = PBXFileReference; explicitFileType = wrapper.application; includeInIndex = 0; path = Phlogiston.app; sourceTree = BUILT_PRODUCTS_DIR; };
		A038F3D12276F0E4001B6F74 /* AppDelegate.swift */ = {isa = PBXFileReference; lastKnownFileType = sourcecode.swift; path = AppDelegate.swift; sourceTree = "<group>"; };
		A038F3D32276F0E4001B6F74 /* DrawController.swift */ = {isa = PBXFileReference; lastKnownFileType = sourcecode.swift; path = DrawController.swift; sourceTree = "<group>"; };
		A038F3D62276F0E4001B6F74 /* Base */ = {isa = PBXFileReference; lastKnownFileType = file.storyboard; name = Base; path = Base.lproj/Main.storyboard; sourceTree = "<group>"; };
		A038F3D82276F0E6001B6F74 /* Assets.xcassets */ = {isa = PBXFileReference; lastKnownFileType = folder.assetcatalog; path = Assets.xcassets; sourceTree = "<group>"; };
		A038F3DB2276F0E6001B6F74 /* Base */ = {isa = PBXFileReference; lastKnownFileType = file.storyboard; name = Base; path = Base.lproj/LaunchScreen.storyboard; sourceTree = "<group>"; };
		A038F3DD2276F0E6001B6F74 /* Info.plist */ = {isa = PBXFileReference; lastKnownFileType = text.plist.xml; path = Info.plist; sourceTree = "<group>"; };
		A07D43C8227868D10099415F /* NSLayoutConstraint_ext.swift */ = {isa = PBXFileReference; lastKnownFileType = sourcecode.swift; path = NSLayoutConstraint_ext.swift; sourceTree = "<group>"; };
		A07D43CA227876E30099415F /* ToolController.swift */ = {isa = PBXFileReference; lastKnownFileType = sourcecode.swift; path = ToolController.swift; sourceTree = "<group>"; };
		A0BAF15F22808C5C009C1E89 /* PhlogistonUITests.xctest */ = {isa = PBXFileReference; explicitFileType = wrapper.cfbundle; includeInIndex = 0; path = PhlogistonUITests.xctest; sourceTree = BUILT_PRODUCTS_DIR; };
		A0BAF16122808C5C009C1E89 /* PhlogistonUITests.swift */ = {isa = PBXFileReference; lastKnownFileType = sourcecode.swift; path = PhlogistonUITests.swift; sourceTree = "<group>"; };
		A0BAF16322808C5C009C1E89 /* Info.plist */ = {isa = PBXFileReference; lastKnownFileType = text.plist.xml; path = Info.plist; sourceTree = "<group>"; };
		A0BAF16922808C77009C1E89 /* SnapshotHelper.swift */ = {isa = PBXFileReference; fileEncoding = 4; lastKnownFileType = sourcecode.swift; path = SnapshotHelper.swift; sourceTree = SOURCE_ROOT; };
		B8A0BF57D9F8F0A1A9710FFD /* Pods-Phlogiston.release.xcconfig */ = {isa = PBXFileReference; includeInIndex = 1; lastKnownFileType = text.xcconfig; name = "Pods-Phlogiston.release.xcconfig"; path = "Target Support Files/Pods-Phlogiston/Pods-Phlogiston.release.xcconfig"; sourceTree = "<group>"; };
		F3AA4738D298C799DEF79E65 /* Pods-Phlogiston.debug.xcconfig */ = {isa = PBXFileReference; includeInIndex = 1; lastKnownFileType = text.xcconfig; name = "Pods-Phlogiston.debug.xcconfig"; path = "Target Support Files/Pods-Phlogiston/Pods-Phlogiston.debug.xcconfig"; sourceTree = "<group>"; };
/* End PBXFileReference section */

/* Begin PBXFrameworksBuildPhase section */
		A038F3CB2276F0E4001B6F74 /* Frameworks */ = {
			isa = PBXFrameworksBuildPhase;
			buildActionMask = 2147483647;
			files = (
				6D2947030B236C5FFCB4095A /* Pods_Phlogiston.framework in Frameworks */,
			);
			runOnlyForDeploymentPostprocessing = 0;
		};
		A0BAF15C22808C5C009C1E89 /* Frameworks */ = {
			isa = PBXFrameworksBuildPhase;
			buildActionMask = 2147483647;
			files = (
			);
			runOnlyForDeploymentPostprocessing = 0;
		};
/* End PBXFrameworksBuildPhase section */

/* Begin PBXGroup section */
		15C6646828D72E320B4C2F94 /* Frameworks */ = {
			isa = PBXGroup;
			children = (
				84076FD1EA236338E27ACA46 /* Pods_Phlogiston.framework */,
			);
			name = Frameworks;
			sourceTree = "<group>";
		};
		A038F3C52276F0E4001B6F74 = {
			isa = PBXGroup;
			children = (
				A038F3D02276F0E4001B6F74 /* Phlogiston */,
				A0BAF16022808C5C009C1E89 /* PhlogistonUITests */,
				A038F3CF2276F0E4001B6F74 /* Products */,
				ABBB0613D2C510912D45FAFF /* Pods */,
				15C6646828D72E320B4C2F94 /* Frameworks */,
			);
			sourceTree = "<group>";
		};
		A038F3CF2276F0E4001B6F74 /* Products */ = {
			isa = PBXGroup;
			children = (
				A038F3CE2276F0E4001B6F74 /* Phlogiston.app */,
				A0BAF15F22808C5C009C1E89 /* PhlogistonUITests.xctest */,
			);
			name = Products;
			sourceTree = "<group>";
		};
		A038F3D02276F0E4001B6F74 /* Phlogiston */ = {
			isa = PBXGroup;
			children = (
				A038F3D12276F0E4001B6F74 /* AppDelegate.swift */,
				A038F3D52276F0E4001B6F74 /* Main.storyboard */,
				A07D43CC227877990099415F /* ViewControllers */,
				A038F3D82276F0E6001B6F74 /* Assets.xcassets */,
				A038F3DA2276F0E6001B6F74 /* LaunchScreen.storyboard */,
				A038F3DD2276F0E6001B6F74 /* Info.plist */,
				A07D43C8227868D10099415F /* NSLayoutConstraint_ext.swift */,
			);
			path = Phlogiston;
			sourceTree = "<group>";
		};
		A07D43CC227877990099415F /* ViewControllers */ = {
			isa = PBXGroup;
			children = (
				A038F3D32276F0E4001B6F74 /* DrawController.swift */,
				A07D43CA227876E30099415F /* ToolController.swift */,
			);
			path = ViewControllers;
			sourceTree = "<group>";
		};
		A0BAF16022808C5C009C1E89 /* PhlogistonUITests */ = {
			isa = PBXGroup;
			children = (
				A0BAF16922808C77009C1E89 /* SnapshotHelper.swift */,
				A0BAF16122808C5C009C1E89 /* PhlogistonUITests.swift */,
				A0BAF16322808C5C009C1E89 /* Info.plist */,
			);
			path = PhlogistonUITests;
			sourceTree = "<group>";
		};
		ABBB0613D2C510912D45FAFF /* Pods */ = {
			isa = PBXGroup;
			children = (
				F3AA4738D298C799DEF79E65 /* Pods-Phlogiston.debug.xcconfig */,
				B8A0BF57D9F8F0A1A9710FFD /* Pods-Phlogiston.release.xcconfig */,
			);
			path = Pods;
			sourceTree = "<group>";
		};
/* End PBXGroup section */

/* Begin PBXNativeTarget section */
		A038F3CD2276F0E4001B6F74 /* Phlogiston */ = {
			isa = PBXNativeTarget;
			buildConfigurationList = A038F3E02276F0E6001B6F74 /* Build configuration list for PBXNativeTarget "Phlogiston" */;
			buildPhases = (
				0C27AF00342F4C9DEF6D748E /* [CP] Check Pods Manifest.lock */,
				A07D43CD22789AC20099415F /* build-bumper */,
				A038F3CA2276F0E4001B6F74 /* Sources */,
				A038F3CB2276F0E4001B6F74 /* Frameworks */,
				A038F3CC2276F0E4001B6F74 /* Resources */,
				B45D40214A36E303F949CAF9 /* [CP] Embed Pods Frameworks */,
			);
			buildRules = (
			);
			dependencies = (
			);
			name = Phlogiston;
			productName = Phlogiston;
			productReference = A038F3CE2276F0E4001B6F74 /* Phlogiston.app */;
			productType = "com.apple.product-type.application";
		};
		A0BAF15E22808C5C009C1E89 /* PhlogistonUITests */ = {
			isa = PBXNativeTarget;
			buildConfigurationList = A0BAF16622808C5C009C1E89 /* Build configuration list for PBXNativeTarget "PhlogistonUITests" */;
			buildPhases = (
				A0BAF15B22808C5C009C1E89 /* Sources */,
				A0BAF15C22808C5C009C1E89 /* Frameworks */,
				A0BAF15D22808C5C009C1E89 /* Resources */,
			);
			buildRules = (
			);
			dependencies = (
				A0BAF16522808C5C009C1E89 /* PBXTargetDependency */,
			);
			name = PhlogistonUITests;
			productName = PhlogistonUITests;
			productReference = A0BAF15F22808C5C009C1E89 /* PhlogistonUITests.xctest */;
			productType = "com.apple.product-type.bundle.ui-testing";
		};
/* End PBXNativeTarget section */

/* Begin PBXProject section */
		A038F3C62276F0E4001B6F74 /* Project object */ = {
			isa = PBXProject;
			attributes = {
				LastSwiftUpdateCheck = 1020;
				LastUpgradeCheck = 1020;
				ORGANIZATIONNAME = "Syrup Media Group";
				TargetAttributes = {
					A038F3CD2276F0E4001B6F74 = {
						CreatedOnToolsVersion = 10.2.1;
					};
					A0BAF15E22808C5C009C1E89 = {
						CreatedOnToolsVersion = 10.2.1;
						TestTargetID = A038F3CD2276F0E4001B6F74;
					};
				};
			};
			buildConfigurationList = A038F3C92276F0E4001B6F74 /* Build configuration list for PBXProject "Phlogiston" */;
			compatibilityVersion = "Xcode 9.3";
			developmentRegion = en;
			hasScannedForEncodings = 0;
			knownRegions = (
				en,
				Base,
			);
			mainGroup = A038F3C52276F0E4001B6F74;
			productRefGroup = A038F3CF2276F0E4001B6F74 /* Products */;
			projectDirPath = "";
			projectRoot = "";
			targets = (
				A038F3CD2276F0E4001B6F74 /* Phlogiston */,
				A0BAF15E22808C5C009C1E89 /* PhlogistonUITests */,
			);
		};
/* End PBXProject section */

/* Begin PBXResourcesBuildPhase section */
		A038F3CC2276F0E4001B6F74 /* Resources */ = {
			isa = PBXResourcesBuildPhase;
			buildActionMask = 2147483647;
			files = (
				A038F3DC2276F0E6001B6F74 /* LaunchScreen.storyboard in Resources */,
				A038F3D92276F0E6001B6F74 /* Assets.xcassets in Resources */,
				A038F3D72276F0E4001B6F74 /* Main.storyboard in Resources */,
			);
			runOnlyForDeploymentPostprocessing = 0;
		};
		A0BAF15D22808C5C009C1E89 /* Resources */ = {
			isa = PBXResourcesBuildPhase;
			buildActionMask = 2147483647;
			files = (
			);
			runOnlyForDeploymentPostprocessing = 0;
		};
/* End PBXResourcesBuildPhase section */

/* Begin PBXShellScriptBuildPhase section */
		0C27AF00342F4C9DEF6D748E /* [CP] Check Pods Manifest.lock */ = {
			isa = PBXShellScriptBuildPhase;
			buildActionMask = 2147483647;
			files = (
			);
			inputFileListPaths = (
			);
			inputPaths = (
				"${PODS_PODFILE_DIR_PATH}/Podfile.lock",
				"${PODS_ROOT}/Manifest.lock",
			);
			name = "[CP] Check Pods Manifest.lock";
			outputFileListPaths = (
			);
			outputPaths = (
				"$(DERIVED_FILE_DIR)/Pods-Phlogiston-checkManifestLockResult.txt",
			);
			runOnlyForDeploymentPostprocessing = 0;
			shellPath = /bin/sh;
			shellScript = "diff \"${PODS_PODFILE_DIR_PATH}/Podfile.lock\" \"${PODS_ROOT}/Manifest.lock\" > /dev/null\nif [ $? != 0 ] ; then\n    # print error to STDERR\n    echo \"error: The sandbox is not in sync with the Podfile.lock. Run 'pod install' or update your CocoaPods installation.\" >&2\n    exit 1\nfi\n# This output is used by Xcode 'outputs' to avoid re-running this script phase.\necho \"SUCCESS\" > \"${SCRIPT_OUTPUT_FILE_0}\"\n";
			showEnvVarsInLog = 0;
		};
		A07D43CD22789AC20099415F /* build-bumper */ = {
			isa = PBXShellScriptBuildPhase;
			buildActionMask = 2147483647;
			files = (
			);
			inputFileListPaths = (
			);
			inputPaths = (
			);
			name = "build-bumper";
			outputFileListPaths = (
			);
			outputPaths = (
			);
			runOnlyForDeploymentPostprocessing = 0;
			shellPath = /bin/sh;
			shellScript = "# Type a script or drag a script file from your workspace to insert its path.\n${SRCROOT}/build-bumper.sh\n";
		};
		B45D40214A36E303F949CAF9 /* [CP] Embed Pods Frameworks */ = {
			isa = PBXShellScriptBuildPhase;
			buildActionMask = 2147483647;
			files = (
			);
			inputFileListPaths = (
			);
			inputPaths = (
				"${PODS_ROOT}/Target Support Files/Pods-Phlogiston/Pods-Phlogiston-frameworks.sh",
				"${BUILT_PRODUCTS_DIR}/ChromaColorPicker/ChromaColorPicker.framework",
			);
			name = "[CP] Embed Pods Frameworks";
			outputFileListPaths = (
			);
			outputPaths = (
				"${TARGET_BUILD_DIR}/${FRAMEWORKS_FOLDER_PATH}/ChromaColorPicker.framework",
			);
			runOnlyForDeploymentPostprocessing = 0;
			shellPath = /bin/sh;
			shellScript = "\"${PODS_ROOT}/Target Support Files/Pods-Phlogiston/Pods-Phlogiston-frameworks.sh\"\n";
			showEnvVarsInLog = 0;
		};
/* End PBXShellScriptBuildPhase section */

/* Begin PBXSourcesBuildPhase section */
		A038F3CA2276F0E4001B6F74 /* Sources */ = {
			isa = PBXSourcesBuildPhase;
			buildActionMask = 2147483647;
			files = (
				A07D43C9227868D10099415F /* NSLayoutConstraint_ext.swift in Sources */,
				A07D43CB227876E30099415F /* ToolController.swift in Sources */,
				A038F3D42276F0E4001B6F74 /* DrawController.swift in Sources */,
				A038F3D22276F0E4001B6F74 /* AppDelegate.swift in Sources */,
			);
			runOnlyForDeploymentPostprocessing = 0;
		};
		A0BAF15B22808C5C009C1E89 /* Sources */ = {
			isa = PBXSourcesBuildPhase;
			buildActionMask = 2147483647;
			files = (
				A0BAF16222808C5C009C1E89 /* PhlogistonUITests.swift in Sources */,
				A0BAF16A22808C77009C1E89 /* SnapshotHelper.swift in Sources */,
			);
			runOnlyForDeploymentPostprocessing = 0;
		};
/* End PBXSourcesBuildPhase section */

/* Begin PBXTargetDependency section */
		A0BAF16522808C5C009C1E89 /* PBXTargetDependency */ = {
			isa = PBXTargetDependency;
			target = A038F3CD2276F0E4001B6F74 /* Phlogiston */;
			targetProxy = A0BAF16422808C5C009C1E89 /* PBXContainerItemProxy */;
		};
/* End PBXTargetDependency section */

/* Begin PBXVariantGroup section */
		A038F3D52276F0E4001B6F74 /* Main.storyboard */ = {
			isa = PBXVariantGroup;
			children = (
				A038F3D62276F0E4001B6F74 /* Base */,
			);
			name = Main.storyboard;
			sourceTree = "<group>";
		};
		A038F3DA2276F0E6001B6F74 /* LaunchScreen.storyboard */ = {
			isa = PBXVariantGroup;
			children = (
				A038F3DB2276F0E6001B6F74 /* Base */,
			);
			name = LaunchScreen.storyboard;
			sourceTree = "<group>";
		};
/* End PBXVariantGroup section */

/* Begin XCBuildConfiguration section */
		A038F3DE2276F0E6001B6F74 /* Debug */ = {
			isa = XCBuildConfiguration;
			buildSettings = {
				ALWAYS_SEARCH_USER_PATHS = NO;
				CLANG_ANALYZER_NONNULL = YES;
				CLANG_ANALYZER_NUMBER_OBJECT_CONVERSION = YES_AGGRESSIVE;
				CLANG_CXX_LANGUAGE_STANDARD = "gnu++14";
				CLANG_CXX_LIBRARY = "libc++";
				CLANG_ENABLE_MODULES = YES;
				CLANG_ENABLE_OBJC_ARC = YES;
				CLANG_ENABLE_OBJC_WEAK = YES;
				CLANG_WARN_BLOCK_CAPTURE_AUTORELEASING = YES;
				CLANG_WARN_BOOL_CONVERSION = YES;
				CLANG_WARN_COMMA = YES;
				CLANG_WARN_CONSTANT_CONVERSION = YES;
				CLANG_WARN_DEPRECATED_OBJC_IMPLEMENTATIONS = YES;
				CLANG_WARN_DIRECT_OBJC_ISA_USAGE = YES_ERROR;
				CLANG_WARN_DOCUMENTATION_COMMENTS = YES;
				CLANG_WARN_EMPTY_BODY = YES;
				CLANG_WARN_ENUM_CONVERSION = YES;
				CLANG_WARN_INFINITE_RECURSION = YES;
				CLANG_WARN_INT_CONVERSION = YES;
				CLANG_WARN_NON_LITERAL_NULL_CONVERSION = YES;
				CLANG_WARN_OBJC_IMPLICIT_RETAIN_SELF = YES;
				CLANG_WARN_OBJC_LITERAL_CONVERSION = YES;
				CLANG_WARN_OBJC_ROOT_CLASS = YES_ERROR;
				CLANG_WARN_RANGE_LOOP_ANALYSIS = YES;
				CLANG_WARN_STRICT_PROTOTYPES = YES;
				CLANG_WARN_SUSPICIOUS_MOVE = YES;
				CLANG_WARN_UNGUARDED_AVAILABILITY = YES_AGGRESSIVE;
				CLANG_WARN_UNREACHABLE_CODE = YES;
				CLANG_WARN__DUPLICATE_METHOD_MATCH = YES;
				CODE_SIGN_IDENTITY = "iPhone Developer";
				COPY_PHASE_STRIP = NO;
				DEBUG_INFORMATION_FORMAT = dwarf;
				ENABLE_STRICT_OBJC_MSGSEND = YES;
				ENABLE_TESTABILITY = YES;
				GCC_C_LANGUAGE_STANDARD = gnu11;
				GCC_DYNAMIC_NO_PIC = NO;
				GCC_NO_COMMON_BLOCKS = YES;
				GCC_OPTIMIZATION_LEVEL = 0;
				GCC_PREPROCESSOR_DEFINITIONS = (
					"DEBUG=1",
					"$(inherited)",
				);
				GCC_WARN_64_TO_32_BIT_CONVERSION = YES;
				GCC_WARN_ABOUT_RETURN_TYPE = YES_ERROR;
				GCC_WARN_UNDECLARED_SELECTOR = YES;
				GCC_WARN_UNINITIALIZED_AUTOS = YES_AGGRESSIVE;
				GCC_WARN_UNUSED_FUNCTION = YES;
				GCC_WARN_UNUSED_VARIABLE = YES;
				IPHONEOS_DEPLOYMENT_TARGET = 12.2;
				MTL_ENABLE_DEBUG_INFO = INCLUDE_SOURCE;
				MTL_FAST_MATH = YES;
				ONLY_ACTIVE_ARCH = YES;
				SDKROOT = iphoneos;
				SWIFT_ACTIVE_COMPILATION_CONDITIONS = DEBUG;
				SWIFT_OPTIMIZATION_LEVEL = "-Onone";
			};
			name = Debug;
		};
		A038F3DF2276F0E6001B6F74 /* Release */ = {
			isa = XCBuildConfiguration;
			buildSettings = {
				ALWAYS_SEARCH_USER_PATHS = NO;
				CLANG_ANALYZER_NONNULL = YES;
				CLANG_ANALYZER_NUMBER_OBJECT_CONVERSION = YES_AGGRESSIVE;
				CLANG_CXX_LANGUAGE_STANDARD = "gnu++14";
				CLANG_CXX_LIBRARY = "libc++";
				CLANG_ENABLE_MODULES = YES;
				CLANG_ENABLE_OBJC_ARC = YES;
				CLANG_ENABLE_OBJC_WEAK = YES;
				CLANG_WARN_BLOCK_CAPTURE_AUTORELEASING = YES;
				CLANG_WARN_BOOL_CONVERSION = YES;
				CLANG_WARN_COMMA = YES;
				CLANG_WARN_CONSTANT_CONVERSION = YES;
				CLANG_WARN_DEPRECATED_OBJC_IMPLEMENTATIONS = YES;
				CLANG_WARN_DIRECT_OBJC_ISA_USAGE = YES_ERROR;
				CLANG_WARN_DOCUMENTATION_COMMENTS = YES;
				CLANG_WARN_EMPTY_BODY = YES;
				CLANG_WARN_ENUM_CONVERSION = YES;
				CLANG_WARN_INFINITE_RECURSION = YES;
				CLANG_WARN_INT_CONVERSION = YES;
				CLANG_WARN_NON_LITERAL_NULL_CONVERSION = YES;
				CLANG_WARN_OBJC_IMPLICIT_RETAIN_SELF = YES;
				CLANG_WARN_OBJC_LITERAL_CONVERSION = YES;
				CLANG_WARN_OBJC_ROOT_CLASS = YES_ERROR;
				CLANG_WARN_RANGE_LOOP_ANALYSIS = YES;
				CLANG_WARN_STRICT_PROTOTYPES = YES;
				CLANG_WARN_SUSPICIOUS_MOVE = YES;
				CLANG_WARN_UNGUARDED_AVAILABILITY = YES_AGGRESSIVE;
				CLANG_WARN_UNREACHABLE_CODE = YES;
				CLANG_WARN__DUPLICATE_METHOD_MATCH = YES;
				CODE_SIGN_IDENTITY = "iPhone Developer";
				COPY_PHASE_STRIP = NO;
				DEBUG_INFORMATION_FORMAT = "dwarf-with-dsym";
				ENABLE_NS_ASSERTIONS = NO;
				ENABLE_STRICT_OBJC_MSGSEND = YES;
				GCC_C_LANGUAGE_STANDARD = gnu11;
				GCC_NO_COMMON_BLOCKS = YES;
				GCC_WARN_64_TO_32_BIT_CONVERSION = YES;
				GCC_WARN_ABOUT_RETURN_TYPE = YES_ERROR;
				GCC_WARN_UNDECLARED_SELECTOR = YES;
				GCC_WARN_UNINITIALIZED_AUTOS = YES_AGGRESSIVE;
				GCC_WARN_UNUSED_FUNCTION = YES;
				GCC_WARN_UNUSED_VARIABLE = YES;
				IPHONEOS_DEPLOYMENT_TARGET = 12.2;
				MTL_ENABLE_DEBUG_INFO = NO;
				MTL_FAST_MATH = YES;
				SDKROOT = iphoneos;
				SWIFT_COMPILATION_MODE = wholemodule;
				SWIFT_OPTIMIZATION_LEVEL = "-O";
				VALIDATE_PRODUCT = YES;
			};
			name = Release;
		};
		A038F3E12276F0E6001B6F74 /* Debug */ = {
			isa = XCBuildConfiguration;
			baseConfigurationReference = F3AA4738D298C799DEF79E65 /* Pods-Phlogiston.debug.xcconfig */;
			buildSettings = {
				ASSETCATALOG_COMPILER_APPICON_NAME = AppIcon;
				CODE_SIGN_STYLE = Automatic;
				DEVELOPMENT_TEAM = 548GRBZ3D6;
				INFOPLIST_FILE = Phlogiston/Info.plist;
				IPHONEOS_DEPLOYMENT_TARGET = 11.0;
				LD_RUNPATH_SEARCH_PATHS = (
					"$(inherited)",
					"@executable_path/Frameworks",
				);
				PRODUCT_BUNDLE_IDENTIFIER = ru.syrupmg.Phlogiston;
				PRODUCT_NAME = "$(TARGET_NAME)";
				SWIFT_VERSION = 5.0;
				TARGETED_DEVICE_FAMILY = "1,2";
			};
			name = Debug;
		};
		A038F3E22276F0E6001B6F74 /* Release */ = {
			isa = XCBuildConfiguration;
			baseConfigurationReference = B8A0BF57D9F8F0A1A9710FFD /* Pods-Phlogiston.release.xcconfig */;
			buildSettings = {
				ASSETCATALOG_COMPILER_APPICON_NAME = AppIcon;
				CODE_SIGN_STYLE = Automatic;
				DEVELOPMENT_TEAM = 548GRBZ3D6;
				INFOPLIST_FILE = Phlogiston/Info.plist;
				IPHONEOS_DEPLOYMENT_TARGET = 11.0;
				LD_RUNPATH_SEARCH_PATHS = (
					"$(inherited)",
					"@executable_path/Frameworks",
				);
				PRODUCT_BUNDLE_IDENTIFIER = ru.syrupmg.Phlogiston;
				PRODUCT_NAME = "$(TARGET_NAME)";
				SWIFT_VERSION = 5.0;
				TARGETED_DEVICE_FAMILY = "1,2";
			};
			name = Release;
		};
		A0BAF16722808C5C009C1E89 /* Debug */ = {
			isa = XCBuildConfiguration;
			buildSettings = {
				CODE_SIGN_STYLE = Automatic;
				DEVELOPMENT_TEAM = 548GRBZ3D6;
				INFOPLIST_FILE = PhlogistonUITests/Info.plist;
				LD_RUNPATH_SEARCH_PATHS = (
					"$(inherited)",
					"@executable_path/Frameworks",
					"@loader_path/Frameworks",
				);
				PRODUCT_BUNDLE_IDENTIFIER = ru.syrupmg.PhlogistonUITests;
				PRODUCT_NAME = "$(TARGET_NAME)";
				SWIFT_VERSION = 5.0;
				TARGETED_DEVICE_FAMILY = "1,2";
				TEST_TARGET_NAME = Phlogiston;
			};
			name = Debug;
		};
		A0BAF16822808C5C009C1E89 /* Release */ = {
			isa = XCBuildConfiguration;
			buildSettings = {
				CODE_SIGN_STYLE = Automatic;
				DEVELOPMENT_TEAM = 548GRBZ3D6;
				INFOPLIST_FILE = PhlogistonUITests/Info.plist;
				LD_RUNPATH_SEARCH_PATHS = (
					"$(inherited)",
					"@executable_path/Frameworks",
					"@loader_path/Frameworks",
				);
				PRODUCT_BUNDLE_IDENTIFIER = ru.syrupmg.PhlogistonUITests;
				PRODUCT_NAME = "$(TARGET_NAME)";
				SWIFT_VERSION = 5.0;
				TARGETED_DEVICE_FAMILY = "1,2";
				TEST_TARGET_NAME = Phlogiston;
			};
			name = Release;
		};
/* End XCBuildConfiguration section */

/* Begin XCConfigurationList section */
		A038F3C92276F0E4001B6F74 /* Build configuration list for PBXProject "Phlogiston" */ = {
			isa = XCConfigurationList;
			buildConfigurations = (
				A038F3DE2276F0E6001B6F74 /* Debug */,
				A038F3DF2276F0E6001B6F74 /* Release */,
			);
			defaultConfigurationIsVisible = 0;
			defaultConfigurationName = Release;
		};
		A038F3E02276F0E6001B6F74 /* Build configuration list for PBXNativeTarget "Phlogiston" */ = {
			isa = XCConfigurationList;
			buildConfigurations = (
				A038F3E12276F0E6001B6F74 /* Debug */,
				A038F3E22276F0E6001B6F74 /* Release */,
			);
			defaultConfigurationIsVisible = 0;
			defaultConfigurationName = Release;
		};
		A0BAF16622808C5C009C1E89 /* Build configuration list for PBXNativeTarget "PhlogistonUITests" */ = {
			isa = XCConfigurationList;
			buildConfigurations = (
				A0BAF16722808C5C009C1E89 /* Debug */,
				A0BAF16822808C5C009C1E89 /* Release */,
			);
			defaultConfigurationIsVisible = 0;
			defaultConfigurationName = Release;
		};
/* End XCConfigurationList section */
	};
	rootObject = A038F3C62276F0E4001B6F74 /* Project object */;
}
